
Microsoft Visual Studio Solution File, Format Version 12.00
# Visual Studio Version 17
VisualStudioVersion = 17.5.33516.290
MinimumVisualStudioVersion = 10.0.40219.1
Project("{9A19103F-16F7-4668-BE54-9A1E7A4F7556}") = "CraftsWebApp", "CraftsWebApp\CraftsWebApp.csproj", "{5E11FECD-AEAE-48BF-BE3A-08E5B91E95C1}"
EndProject
Global
	GlobalSection(SolutionConfigurationPlatforms) = preSolution
		Debug|Any CPU = Debug|Any CPU
		Release|Any CPU = Release|Any CPU
	EndGlobalSection
	GlobalSection(ProjectConfigurationPlatforms) = postSolution
		{5E11FECD-AEAE-48BF-BE3A-08E5B91E95C1}.Debug|Any CPU.ActiveCfg = Debug|Any CPU
		{5E11FECD-AEAE-48BF-BE3A-08E5B91E95C1}.Debug|Any CPU.Build.0 = Debug|Any CPU
		{5E11FECD-AEAE-48BF-BE3A-08E5B91E95C1}.Release|Any CPU.ActiveCfg = Release|Any CPU
		{5E11FECD-AEAE-48BF-BE3A-08E5B91E95C1}.Release|Any CPU.Build.0 = Release|Any CPU
	EndGlobalSection
	GlobalSection(SolutionProperties) = preSolution
		HideSolutionNode = FALSE
	EndGlobalSection
	GlobalSection(ExtensibilityGlobals) = postSolution
		SolutionGuid = {9E6188C4-DEFF-482E-BAF8-9646BC66FE37}
	EndGlobalSection
EndGlobal
